PODS:
  - AFNetworking (3.2.1):
    - AFNetworking/NSURLSession (= 3.2.1)
    - AFNetworking/Reachability (= 3.2.1)
    - AFNetworking/Security (= 3.2.1)
    - AFNetworking/Serialization (= 3.2.1)
    - AFNetworking/UIKit (= 3.2.1)
  - AFNetworking/NSURLSession (3.2.1):
    - AFNetworking/Reachability
    - AFNetworking/Security
    - AFNetworking/Serialization
  - AFNetworking/Reachability (3.2.1)
  - AFNetworking/Security (3.2.1)
  - AFNetworking/Serialization (3.2.1)
  - AFNetworking/UIKit (3.2.1):
    - AFNetworking/NSURLSession
  - CTMediator (25)
  - GCDMulticastDelegate (1.0.0)
  - GTMBase64 (1.0.1)
  - JTBaseLib (0.1.9):
    - AFNetworking (~> 3.2.1)
    - GTMBase64 (~> 1.0.1)
    - MJRefresh (~> 3.2.0)
    - SDWebImage (~> 5.0.6)
    - SVProgressHUD (~> 2.2.5)
    - YYModel (~> 1.0.4)
  - MJRefresh (3.2.0)
  - ReactiveObjC (3.1.1)
  - SDWebImage (5.0.6):
    - SDWebImage/Core (= 5.0.6)
  - SDWebImage/Core (5.0.6)
  - SVProgressHUD (2.2.5)
  - TXIMSDK_iOS (4.4.627)
  - TZImagePickerController (3.2.1)
  - XOChatModule (0.0.1):
    - CTMediator (~> 25)
    - GCDMulticastDelegate (~> 1.0.0)
    - JTBaseLib (~> 0.1.9)
    - ReactiveObjC (~> 3.1.1)
    - SVProgressHUD (~> 2.2.5)
    - TXIMSDK_iOS (~> 4.4.627)
  - YYModel (1.0.4)

DEPENDENCIES:
  - TZImagePickerController
  - XOChatModule (from `../`)

SPEC REPOS:
  https://gitee.com/JT_iOS/JTSpec.git:
    - JTBaseLib
  https://github.com/cocoapods/specs.git:
    - AFNetworking
    - CTMediator
    - GCDMulticastDelegate
    - GTMBase64
    - MJRefresh
    - ReactiveObjC
    - SDWebImage
    - SVProgressHUD
    - TXIMSDK_iOS
    - TZImagePickerController
    - YYModel

EXTERNAL SOURCES:
  XOChatModule:
    :path: "../"

SPEC CHECKSUMS:
  AFNetworking: b6f891fdfaed196b46c7a83cf209e09697b94057
  CTMediator: 830c1fc204b3a6abf2a059510c7380f56343da0f
  GCDMulticastDelegate: 3c0ae43d8998623db0876c77d7ae2c3844afeba8
  GTMBase64: f0f91be06a7a20b84c8e4fee30c0430395091d82
  JTBaseLib: 6b3ef76404c36101428a38463751758e0d0d59a5
  MJRefresh: ed450d6eb9d3346a2cb033ab7eb6de090aeef437
  ReactiveObjC: 011caa393aa0383245f2dcf9bf02e86b80b36040
  SDWebImage: 920f1a2ff1ca8296ad34f6e0510a1ef1d70ac965
  SVProgressHUD: 1428aafac632c1f86f62aa4243ec12008d7a51d6
  TXIMSDK_iOS: 6641a71d741a1a1fb31b69419b2431d9aecdf12e
  TZImagePickerController: bf4c57b98d8707fce41ea6be872414a71c7a8c9d
  XOChatModule: 0f11f0bec46a53e0dccd4618cf5682c936301163
  YYModel: 2a7fdd96aaa4b86a824e26d0c517de8928c04b30

PODFILE CHECKSUM: 7f9e9f0456b18ef21e35d433af35d6cadba75b25

COCOAPODS: 1.7.5
